
Microsoft Visual Studio Solution File, Format Version 12.00
# Visual Studio 2013
VisualStudioVersion = 12.0.30324.0
MinimumVisualStudioVersion = 10.0.40219.1
Project("{FAE04EC0-301F-11D3-BF4B-00C04F79EFBC}") = "QuizProject", "QuizProject\QuizProject.csproj", "{4F384D5E-95C6-41FB-8CF0-EBA533FAC48C}"
EndProject
Project("{2150E333-8FDC-42A3-9474-1A3956D46DE8}") = "Solution Items", "Solution Items", "{187BCA71-1D4B-4B05-A5F0-690BCD4B054D}"
	ProjectSection(SolutionItems) = preProject
		QuizProject\StudyCard.cs = QuizProject\StudyCard.cs
	EndProjectSection
EndProject
Global
	GlobalSection(SolutionConfigurationPlatforms) = preSolution
		Debug|Any CPU = Debug|Any CPU
		Release|Any CPU = Release|Any CPU
	EndGlobalSection
	GlobalSection(ProjectConfigurationPlatforms) = postSolution
		{4F384D5E-95C6-41FB-8CF0-EBA533FAC48C}.Debug|Any CPU.ActiveCfg = Debug|Any CPU
		{4F384D5E-95C6-41FB-8CF0-EBA533FAC48C}.Debug|Any CPU.Build.0 = Debug|Any CPU
		{4F384D5E-95C6-41FB-8CF0-EBA533FAC48C}.Release|Any CPU.ActiveCfg = Release|Any CPU
		{4F384D5E-95C6-41FB-8CF0-EBA533FAC48C}.Release|Any CPU.Build.0 = Release|Any CPU
	EndGlobalSection
	GlobalSection(SolutionProperties) = preSolution
		HideSolutionNode = FALSE
	EndGlobalSection
EndGlobal
